<?xml version="1.0" encoding="utf-8"?>
<Project ToolsVersion="4.0" xmlns="http://schemas.microsoft.com/developer/msbuild/2003">
  <ItemGroup>
    <Filter Include="Source Files">
      <UniqueIdentifier>{dfc24c58-09b3-49d5-b758-c51329f0c219}</UniqueIdentifier>
    </Filter>
    <Filter Include="Header Files">
      <UniqueIdentifier>{0e411988-3710-4e3d-af53-85eb8dfcebdb}</UniqueIdentifier>
    </Filter>
    <Filter Include="Source Files\Win32">
      <UniqueIdentifier>{445e438b-cb3b-4ba3-8acb-aa7488d08d54}</UniqueIdentifier>
    </Filter>
    <Filter Include="Header Files\Win32">
      <UniqueIdentifier>{62de9337-bf2e-45d6-92ce-d9bdd10679a0}</UniqueIdentifier>
    </Filter>
  </ItemGroup>
  <ItemGroup>
    <ClCompile Include="Ftp.cpp">
      <Filter>Source Files</Filter>
    </ClCompile>
    <ClCompile Include="Http.cpp">
      <Filter>Source Files</Filter>
    </ClCompile>
    <ClCompile Include="IpAddress.cpp">
      <Filter>Source Files</Filter>
    </ClCompile>
    <ClCompile Include="Packet.cpp">
      <Filter>Source Files</Filter>
    </ClCompile>
    <ClCompile Include="Socket.cpp">
      <Filter>Source Files</Filter>
    </ClCompile>
    <ClCompile Include="SocketSelector.cpp">
      <Filter>Source Files</Filter>
    </ClCompile>
    <ClCompile Include="TcpListener.cpp">
      <Filter>Source Files</Filter>
    </ClCompile>
    <ClCompile Include="TcpSocket.cpp">
      <Filter>Source Files</Filter>
    </ClCompile>
    <ClCompile Include="UdpSocket.cpp">
      <Filter>Source Files</Filter>
    </ClCompile>
    <ClCompile Include="Win32\SocketImpl.cpp">
      <Filter>Source Files\Win32</Filter>
    </ClCompile>
  </ItemGroup>
  <ItemGroup>
    <ClInclude Include="SocketImpl.hpp">
      <Filter>Header Files</Filter>
    </ClInclude>
    <ClInclude Include="Win32\SocketImpl.hpp">
      <Filter>Header Files\Win32</Filter>
    </ClInclude>
  </ItemGroup>
</Project>