<?xml version="1.0" encoding="utf-8"?>
<Project ToolsVersion="4.0" xmlns="http://schemas.microsoft.com/developer/msbuild/2003">
  <ItemGroup>
    <Filter Include="Header Files">
      <UniqueIdentifier>{4b615491-25a6-4680-9adb-a7227a203b57}</UniqueIdentifier>
    </Filter>
    <Filter Include="Source Files">
      <UniqueIdentifier>{7cd07ffc-fc7c-4227-97d6-20110547d9e8}</UniqueIdentifier>
    </Filter>
  </ItemGroup>
  <ItemGroup>
    <ClCompile Include="ALCheck.cpp">
      <Filter>Source Files</Filter>
    </ClCompile>
    <ClCompile Include="AudioDevice.cpp">
      <Filter>Source Files</Filter>
    </ClCompile>
    <ClCompile Include="Listener.cpp">
      <Filter>Source Files</Filter>
    </ClCompile>
    <ClCompile Include="Music.cpp">
      <Filter>Source Files</Filter>
    </ClCompile>
    <ClCompile Include="Sound.cpp">
      <Filter>Source Files</Filter>
    </ClCompile>
    <ClCompile Include="SoundBuffer.cpp">
      <Filter>Source Files</Filter>
    </ClCompile>
    <ClCompile Include="SoundBufferRecorder.cpp">
      <Filter>Source Files</Filter>
    </ClCompile>
    <ClCompile Include="SoundFile.cpp">
      <Filter>Source Files</Filter>
    </ClCompile>
    <ClCompile Include="SoundRecorder.cpp">
      <Filter>Source Files</Filter>
    </ClCompile>
    <ClCompile Include="SoundSource.cpp">
      <Filter>Source Files</Filter>
    </ClCompile>
    <ClCompile Include="SoundStream.cpp">
      <Filter>Source Files</Filter>
    </ClCompile>
  </ItemGroup>
  <ItemGroup>
    <ClInclude Include="AudioDevice.hpp">
      <Filter>Header Files</Filter>
    </ClInclude>
    <ClInclude Include="ALCheck.hpp">
      <Filter>Header Files</Filter>
    </ClInclude>
    <ClInclude Include="SoundFile.hpp">
      <Filter>Header Files</Filter>
    </ClInclude>
  </ItemGroup>
</Project>