<?xml version="1.0" encoding="Windows-1252"?>
<Project ToolsVersion="12.0" xmlns="http://schemas.microsoft.com/developer/msbuild/2003">
  <ItemGroup>
    <Filter Include="Source Files">
      <UniqueIdentifier>{9F23AAEB-4F30-40B2-803D-FABE14F5E25E}</UniqueIdentifier>
    </Filter>
    <Filter Include="Header Files">
      <UniqueIdentifier>{072B2FEE-114A-4EC1-AA56-021F737652E4}</UniqueIdentifier>
    </Filter>
  </ItemGroup>
  <ItemGroup>
    <ClInclude Include="..\include\bullet\BulletDynamics\Character\btCharacterControllerInterface.h">
      <Filter>Header Files</Filter>
    </ClInclude>
    <ClInclude Include="..\include\bullet\BulletDynamics\Character\btKinematicCharacterController.h">
      <Filter>Header Files</Filter>
    </ClInclude>
    <ClInclude Include="..\include\bullet\BulletDynamics\Dynamics\btActionInterface.h">
      <Filter>Header Files</Filter>
    </ClInclude>
    <ClInclude Include="..\include\bullet\BulletDynamics\ConstraintSolver\btConeTwistConstraint.h">
      <Filter>Header Files</Filter>
    </ClInclude>
    <ClInclude Include="..\include\bullet\BulletDynamics\ConstraintSolver\btConstraintSolver.h">
      <Filter>Header Files</Filter>
    </ClInclude>
    <ClInclude Include="..\include\bullet\BulletDynamics\ConstraintSolver\btContactConstraint.h">
      <Filter>Header Files</Filter>
    </ClInclude>
    <ClInclude Include="..\include\bullet\BulletDynamics\ConstraintSolver\btContactSolverInfo.h">
      <Filter>Header Files</Filter>
    </ClInclude>
    <ClInclude Include="..\include\bullet\BulletDynamics\MLCPSolvers\btDantzigLCP.h">
      <Filter>Header Files</Filter>
    </ClInclude>
    <ClInclude Include="..\include\bullet\BulletDynamics\MLCPSolvers\btDantzigSolver.h">
      <Filter>Header Files</Filter>
    </ClInclude>
    <ClInclude Include="..\include\bullet\BulletDynamics\Dynamics\btDiscreteDynamicsWorld.h">
      <Filter>Header Files</Filter>
    </ClInclude>
    <ClInclude Include="..\include\bullet\BulletDynamics\Dynamics\btDynamicsWorld.h">
      <Filter>Header Files</Filter>
    </ClInclude>
    <ClInclude Include="..\include\bullet\BulletDynamics\ConstraintSolver\btFixedConstraint.h">
      <Filter>Header Files</Filter>
    </ClInclude>
    <ClInclude Include="..\include\bullet\BulletDynamics\ConstraintSolver\btGearConstraint.h">
      <Filter>Header Files</Filter>
    </ClInclude>
    <ClInclude Include="..\include\bullet\BulletDynamics\ConstraintSolver\btGeneric6DofConstraint.h">
      <Filter>Header Files</Filter>
    </ClInclude>
    <ClInclude Include="..\include\bullet\BulletDynamics\ConstraintSolver\btGeneric6DofSpring2Constraint.h">
      <Filter>Header Files</Filter>
    </ClInclude>
    <ClInclude Include="..\include\bullet\BulletDynamics\ConstraintSolver\btGeneric6DofSpringConstraint.h">
      <Filter>Header Files</Filter>
    </ClInclude>
    <ClInclude Include="..\include\bullet\BulletDynamics\ConstraintSolver\btHinge2Constraint.h">
      <Filter>Header Files</Filter>
    </ClInclude>
    <ClInclude Include="..\include\bullet\BulletDynamics\ConstraintSolver\btHingeConstraint.h">
      <Filter>Header Files</Filter>
    </ClInclude>
    <ClInclude Include="..\include\bullet\BulletDynamics\ConstraintSolver\btJacobianEntry.h">
      <Filter>Header Files</Filter>
    </ClInclude>
    <ClInclude Include="..\include\bullet\BulletDynamics\MLCPSolvers\btLemkeAlgorithm.h">
      <Filter>Header Files</Filter>
    </ClInclude>
    <ClInclude Include="..\include\bullet\BulletDynamics\MLCPSolvers\btLemkeSolver.h">
      <Filter>Header Files</Filter>
    </ClInclude>
    <ClInclude Include="..\include\bullet\BulletDynamics\Vehicle\btWheelInfo.h">
      <Filter>Header Files</Filter>
    </ClInclude>
    <ClInclude Include="..\include\bullet\BulletDynamics\Vehicle\btVehicleRaycaster.h">
      <Filter>Header Files</Filter>
    </ClInclude>
    <ClInclude Include="..\include\bullet\BulletDynamics\ConstraintSolver\btUniversalConstraint.h">
      <Filter>Header Files</Filter>
    </ClInclude>
    <ClInclude Include="..\include\bullet\BulletDynamics\ConstraintSolver\btTypedConstraint.h">
      <Filter>Header Files</Filter>
    </ClInclude>
    <ClInclude Include="..\include\bullet\BulletDynamics\ConstraintSolver\btSolverConstraint.h">
      <Filter>Header Files</Filter>
    </ClInclude>
    <ClInclude Include="..\include\bullet\BulletDynamics\ConstraintSolver\btSolverBody.h">
      <Filter>Header Files</Filter>
    </ClInclude>
    <ClInclude Include="..\include\bullet\BulletDynamics\MLCPSolvers\btSolveProjectedGaussSeidel.h">
      <Filter>Header Files</Filter>
    </ClInclude>
    <ClInclude Include="..\include\bullet\BulletDynamics\ConstraintSolver\btSolve2LinearConstraint.h">
      <Filter>Header Files</Filter>
    </ClInclude>
    <ClInclude Include="..\include\bullet\BulletDynamics\ConstraintSolver\btSliderConstraint.h">
      <Filter>Header Files</Filter>
    </ClInclude>
    <ClInclude Include="..\include\bullet\BulletDynamics\Dynamics\btSimpleDynamicsWorld.h">
      <Filter>Header Files</Filter>
    </ClInclude>
    <ClInclude Include="..\include\bullet\BulletDynamics\ConstraintSolver\btSequentialImpulseConstraintSolver.h">
      <Filter>Header Files</Filter>
    </ClInclude>
    <ClInclude Include="..\include\bullet\BulletDynamics\Dynamics\btRigidBody.h">
      <Filter>Header Files</Filter>
    </ClInclude>
    <ClInclude Include="..\include\bullet\BulletDynamics\Vehicle\btRaycastVehicle.h">
      <Filter>Header Files</Filter>
    </ClInclude>
    <ClInclude Include="..\include\bullet\BulletDynamics\ConstraintSolver\btPoint2PointConstraint.h">
      <Filter>Header Files</Filter>
    </ClInclude>
    <ClInclude Include="..\include\bullet\BulletDynamics\MLCPSolvers\btPATHSolver.h">
      <Filter>Header Files</Filter>
    </ClInclude>
    <ClInclude Include="..\include\bullet\BulletDynamics\ConstraintSolver\btNNCGConstraintSolver.h">
      <Filter>Header Files</Filter>
    </ClInclude>
    <ClInclude Include="..\include\bullet\BulletDynamics\Featherstone\btMultiBodySolverConstraint.h">
      <Filter>Header Files</Filter>
    </ClInclude>
    <ClInclude Include="..\include\bullet\BulletDynamics\MLCPSolvers\btMLCPSolver.h">
      <Filter>Header Files</Filter>
    </ClInclude>
    <ClInclude Include="..\include\bullet\BulletDynamics\MLCPSolvers\btMLCPSolverInterface.h">
      <Filter>Header Files</Filter>
    </ClInclude>
    <ClInclude Include="..\include\bullet\BulletDynamics\Featherstone\btMultiBody.h">
      <Filter>Header Files</Filter>
    </ClInclude>
    <ClInclude Include="..\include\bullet\BulletDynamics\Featherstone\btMultiBodyConstraint.h">
      <Filter>Header Files</Filter>
    </ClInclude>
    <ClInclude Include="..\include\bullet\BulletDynamics\Featherstone\btMultiBodyConstraintSolver.h">
      <Filter>Header Files</Filter>
    </ClInclude>
    <ClInclude Include="..\include\bullet\BulletDynamics\Featherstone\btMultiBodyDynamicsWorld.h">
      <Filter>Header Files</Filter>
    </ClInclude>
    <ClInclude Include="..\include\bullet\BulletDynamics\Featherstone\btMultiBodyJointLimitConstraint.h">
      <Filter>Header Files</Filter>
    </ClInclude>
    <ClInclude Include="..\include\bullet\BulletDynamics\Featherstone\btMultiBodyJointMotor.h">
      <Filter>Header Files</Filter>
    </ClInclude>
    <ClInclude Include="..\include\bullet\BulletDynamics\Featherstone\btMultiBodyLink.h">
      <Filter>Header Files</Filter>
    </ClInclude>
    <ClInclude Include="..\include\bullet\BulletDynamics\Featherstone\btMultiBodyLinkCollider.h">
      <Filter>Header Files</Filter>
    </ClInclude>
    <ClInclude Include="..\include\bullet\BulletDynamics\Featherstone\btMultiBodyPoint2Point.h">
      <Filter>Header Files</Filter>
    </ClInclude>
  </ItemGroup>
  <ItemGroup>
    <ClCompile Include="..\include\bullet\BulletDynamics\Character\btKinematicCharacterController.cpp">
      <Filter>Source Files</Filter>
    </ClCompile>
    <ClCompile Include="..\include\bullet\BulletDynamics\ConstraintSolver\btConeTwistConstraint.cpp">
      <Filter>Source Files</Filter>
    </ClCompile>
    <ClCompile Include="..\include\bullet\BulletDynamics\ConstraintSolver\btContactConstraint.cpp">
      <Filter>Source Files</Filter>
    </ClCompile>
    <ClCompile Include="..\include\bullet\BulletDynamics\MLCPSolvers\btDantzigLCP.cpp">
      <Filter>Source Files</Filter>
    </ClCompile>
    <ClCompile Include="..\include\bullet\BulletDynamics\Dynamics\btDiscreteDynamicsWorld.cpp">
      <Filter>Source Files</Filter>
    </ClCompile>
    <ClCompile Include="..\include\bullet\BulletDynamics\ConstraintSolver\btFixedConstraint.cpp">
      <Filter>Source Files</Filter>
    </ClCompile>
    <ClCompile Include="..\include\bullet\BulletDynamics\ConstraintSolver\btGearConstraint.cpp">
      <Filter>Source Files</Filter>
    </ClCompile>
    <ClCompile Include="..\include\bullet\BulletDynamics\ConstraintSolver\btGeneric6DofConstraint.cpp">
      <Filter>Source Files</Filter>
    </ClCompile>
    <ClCompile Include="..\include\bullet\BulletDynamics\ConstraintSolver\btGeneric6DofSpring2Constraint.cpp">
      <Filter>Source Files</Filter>
    </ClCompile>
    <ClCompile Include="..\include\bullet\BulletDynamics\ConstraintSolver\btGeneric6DofSpringConstraint.cpp">
      <Filter>Source Files</Filter>
    </ClCompile>
    <ClCompile Include="..\include\bullet\BulletDynamics\ConstraintSolver\btHinge2Constraint.cpp">
      <Filter>Source Files</Filter>
    </ClCompile>
    <ClCompile Include="..\include\bullet\BulletDynamics\ConstraintSolver\btHingeConstraint.cpp">
      <Filter>Source Files</Filter>
    </ClCompile>
    <ClCompile Include="..\include\bullet\BulletDynamics\MLCPSolvers\btLemkeAlgorithm.cpp">
      <Filter>Source Files</Filter>
    </ClCompile>
    <ClCompile Include="..\include\bullet\BulletDynamics\ConstraintSolver\btUniversalConstraint.cpp">
      <Filter>Source Files</Filter>
    </ClCompile>
    <ClCompile Include="..\include\bullet\BulletDynamics\ConstraintSolver\btTypedConstraint.cpp">
      <Filter>Source Files</Filter>
    </ClCompile>
    <ClCompile Include="..\include\bullet\BulletDynamics\Vehicle\btWheelInfo.cpp">
      <Filter>Source Files</Filter>
    </ClCompile>
    <ClCompile Include="..\include\bullet\BulletDynamics\ConstraintSolver\btSolve2LinearConstraint.cpp">
      <Filter>Source Files</Filter>
    </ClCompile>
    <ClCompile Include="..\include\bullet\BulletDynamics\ConstraintSolver\btSliderConstraint.cpp">
      <Filter>Source Files</Filter>
    </ClCompile>
    <ClCompile Include="..\include\bullet\BulletDynamics\Dynamics\btSimpleDynamicsWorld.cpp">
      <Filter>Source Files</Filter>
    </ClCompile>
    <ClCompile Include="..\include\bullet\BulletDynamics\ConstraintSolver\btSequentialImpulseConstraintSolver.cpp">
      <Filter>Source Files</Filter>
    </ClCompile>
    <ClCompile Include="..\include\bullet\BulletDynamics\Dynamics\btRigidBody.cpp">
      <Filter>Source Files</Filter>
    </ClCompile>
    <ClCompile Include="..\include\bullet\BulletDynamics\Vehicle\btRaycastVehicle.cpp">
      <Filter>Source Files</Filter>
    </ClCompile>
    <ClCompile Include="..\include\bullet\BulletDynamics\ConstraintSolver\btPoint2PointConstraint.cpp">
      <Filter>Source Files</Filter>
    </ClCompile>
    <ClCompile Include="..\include\bullet\BulletDynamics\MLCPSolvers\btMLCPSolver.cpp">
      <Filter>Source Files</Filter>
    </ClCompile>
    <ClCompile Include="..\include\bullet\BulletDynamics\Featherstone\btMultiBody.cpp">
      <Filter>Source Files</Filter>
    </ClCompile>
    <ClCompile Include="..\include\bullet\BulletDynamics\Featherstone\btMultiBodyConstraint.cpp">
      <Filter>Source Files</Filter>
    </ClCompile>
    <ClCompile Include="..\include\bullet\BulletDynamics\Featherstone\btMultiBodyConstraintSolver.cpp">
      <Filter>Source Files</Filter>
    </ClCompile>
    <ClCompile Include="..\include\bullet\BulletDynamics\Featherstone\btMultiBodyDynamicsWorld.cpp">
      <Filter>Source Files</Filter>
    </ClCompile>
    <ClCompile Include="..\include\bullet\BulletDynamics\Featherstone\btMultiBodyJointLimitConstraint.cpp">
      <Filter>Source Files</Filter>
    </ClCompile>
    <ClCompile Include="..\include\bullet\BulletDynamics\Featherstone\btMultiBodyJointMotor.cpp">
      <Filter>Source Files</Filter>
    </ClCompile>
    <ClCompile Include="..\include\bullet\BulletDynamics\Featherstone\btMultiBodyPoint2Point.cpp">
      <Filter>Source Files</Filter>
    </ClCompile>
    <ClCompile Include="..\include\bullet\BulletDynamics\ConstraintSolver\btNNCGConstraintSolver.cpp">
      <Filter>Source Files</Filter>
    </ClCompile>
  </ItemGroup>
</Project>