<?xml version="1.0" encoding="utf-8"?>
<Project ToolsVersion="4.0" xmlns="http://schemas.microsoft.com/developer/msbuild/2003">
  <ItemGroup>
    <Filter Include="Source Files">
      <UniqueIdentifier>{4FC737F1-C7A5-4376-A066-2A32D752A2FF}</UniqueIdentifier>
      <Extensions>cpp;c;cc;cxx;def;odl;idl;hpj;bat;asm;asmx</Extensions>
    </Filter>
    <Filter Include="Header Files">
      <UniqueIdentifier>{93995380-89BD-4b04-88EB-625FBE52EBFB}</UniqueIdentifier>
      <Extensions>h;hh;hpp;hxx;hm;inl;inc;xsd</Extensions>
    </Filter>
    <Filter Include="Resource Files">
      <UniqueIdentifier>{67DA6AB6-F800-4c08-8B7A-83BB121AAD01}</UniqueIdentifier>
      <Extensions>rc;ico;cur;bmp;dlg;rc2;rct;bin;rgs;gif;jpg;jpeg;jpe;resx;tiff;tif;png;wav;mfcribbon-ms</Extensions>
    </Filter>
  </ItemGroup>
  <ItemGroup>
    <ClInclude Include="..\include\ZLIB\crc32.h">
      <Filter>Header Files</Filter>
    </ClInclude>
    <ClInclude Include="..\include\ZLIB\crypt.h">
      <Filter>Header Files</Filter>
    </ClInclude>
    <ClInclude Include="..\include\ZLIB\deflate.h">
      <Filter>Header Files</Filter>
    </ClInclude>
    <ClInclude Include="..\include\ZLIB\gzguts.h">
      <Filter>Header Files</Filter>
    </ClInclude>
    <ClInclude Include="..\include\ZLIB\inffast.h">
      <Filter>Header Files</Filter>
    </ClInclude>
    <ClInclude Include="..\include\ZLIB\inffixed.h">
      <Filter>Header Files</Filter>
    </ClInclude>
    <ClInclude Include="..\include\ZLIB\inflate.h">
      <Filter>Header Files</Filter>
    </ClInclude>
    <ClInclude Include="..\include\ZLIB\inftrees.h">
      <Filter>Header Files</Filter>
    </ClInclude>
    <ClInclude Include="..\include\ZLIB\ioapi.h">
      <Filter>Header Files</Filter>
    </ClInclude>
    <ClInclude Include="..\include\ZLIB\iowin32.h">
      <Filter>Header Files</Filter>
    </ClInclude>
    <ClInclude Include="..\include\ZLIB\mztools.h">
      <Filter>Header Files</Filter>
    </ClInclude>
    <ClInclude Include="..\include\ZLIB\trees.h">
      <Filter>Header Files</Filter>
    </ClInclude>
    <ClInclude Include="..\include\ZLIB\unzip.h">
      <Filter>Header Files</Filter>
    </ClInclude>
    <ClInclude Include="..\include\ZLIB\zconf.h">
      <Filter>Header Files</Filter>
    </ClInclude>
    <ClInclude Include="..\include\ZLIB\zip.h">
      <Filter>Header Files</Filter>
    </ClInclude>
    <ClInclude Include="..\include\ZLIB\zlib.h">
      <Filter>Header Files</Filter>
    </ClInclude>
    <ClInclude Include="..\include\ZLIB\zutil.h">
      <Filter>Header Files</Filter>
    </ClInclude>
  </ItemGroup>
  <ItemGroup>
    <ClCompile Include="ZLIB\adler32.c">
      <Filter>Source Files</Filter>
    </ClCompile>
    <ClCompile Include="ZLIB\compress.c">
      <Filter>Source Files</Filter>
    </ClCompile>
    <ClCompile Include="ZLIB\crc32.c">
      <Filter>Source Files</Filter>
    </ClCompile>
    <ClCompile Include="ZLIB\deflate.c">
      <Filter>Source Files</Filter>
    </ClCompile>
    <ClCompile Include="ZLIB\gzclose.c">
      <Filter>Source Files</Filter>
    </ClCompile>
    <ClCompile Include="ZLIB\gzlib.c">
      <Filter>Source Files</Filter>
    </ClCompile>
    <ClCompile Include="ZLIB\gzread.c">
      <Filter>Source Files</Filter>
    </ClCompile>
    <ClCompile Include="ZLIB\gzwrite.c">
      <Filter>Source Files</Filter>
    </ClCompile>
    <ClCompile Include="ZLIB\infback.c">
      <Filter>Source Files</Filter>
    </ClCompile>
    <ClCompile Include="ZLIB\inffast.c">
      <Filter>Source Files</Filter>
    </ClCompile>
    <ClCompile Include="ZLIB\inflate.c">
      <Filter>Source Files</Filter>
    </ClCompile>
    <ClCompile Include="ZLIB\inftrees.c">
      <Filter>Source Files</Filter>
    </ClCompile>
    <ClCompile Include="ZLIB\ioapi.c">
      <Filter>Source Files</Filter>
    </ClCompile>
    <ClCompile Include="ZLIB\iowin32.c">
      <Filter>Source Files</Filter>
    </ClCompile>
    <ClCompile Include="ZLIB\miniunz.c">
      <Filter>Source Files</Filter>
    </ClCompile>
    <ClCompile Include="ZLIB\mztools.c">
      <Filter>Source Files</Filter>
    </ClCompile>
    <ClCompile Include="ZLIB\trees.c">
      <Filter>Source Files</Filter>
    </ClCompile>
    <ClCompile Include="ZLIB\uncompr.c">
      <Filter>Source Files</Filter>
    </ClCompile>
    <ClCompile Include="ZLIB\unzip.c">
      <Filter>Source Files</Filter>
    </ClCompile>
    <ClCompile Include="ZLIB\zip.c">
      <Filter>Source Files</Filter>
    </ClCompile>
    <ClCompile Include="ZLIB\zutil.c">
      <Filter>Source Files</Filter>
    </ClCompile>
  </ItemGroup>
</Project>