<?xml version="1.0" encoding="utf-8"?>
<Project ToolsVersion="4.0" xmlns="http://schemas.microsoft.com/developer/msbuild/2003">
  <ItemGroup>
    <Filter Include="Source Files">
      <UniqueIdentifier>{7781eb69-16d4-4790-bcbf-7bcf84e30364}</UniqueIdentifier>
    </Filter>
    <Filter Include="Header Files">
      <UniqueIdentifier>{dfda1303-fc7e-4b38-bff5-205a0b1a9487}</UniqueIdentifier>
    </Filter>
    <Filter Include="Source Files\Win32">
      <UniqueIdentifier>{c57943c6-fe8b-46b8-b2e7-46986e42816a}</UniqueIdentifier>
    </Filter>
    <Filter Include="Header Files\glext">
      <UniqueIdentifier>{4908abef-ee33-46c1-bd69-529280f16c5d}</UniqueIdentifier>
    </Filter>
    <Filter Include="Header Files\Win32">
      <UniqueIdentifier>{7183e272-3608-4ead-9027-aefab9b330c3}</UniqueIdentifier>
    </Filter>
  </ItemGroup>
  <ItemGroup>
    <ClCompile Include="Context.cpp">
      <Filter>Source Files</Filter>
    </ClCompile>
    <ClCompile Include="GlContext.cpp">
      <Filter>Source Files</Filter>
    </ClCompile>
    <ClCompile Include="GlResource.cpp">
      <Filter>Source Files</Filter>
    </ClCompile>
    <ClCompile Include="Joystick.cpp">
      <Filter>Source Files</Filter>
    </ClCompile>
    <ClCompile Include="JoystickManager.cpp">
      <Filter>Source Files</Filter>
    </ClCompile>
    <ClCompile Include="Keyboard.cpp">
      <Filter>Source Files</Filter>
    </ClCompile>
    <ClCompile Include="Mouse.cpp">
      <Filter>Source Files</Filter>
    </ClCompile>
    <ClCompile Include="Sensor.cpp">
      <Filter>Source Files</Filter>
    </ClCompile>
    <ClCompile Include="SensorManager.cpp">
      <Filter>Source Files</Filter>
    </ClCompile>
    <ClCompile Include="Touch.cpp">
      <Filter>Source Files</Filter>
    </ClCompile>
    <ClCompile Include="VideoMode.cpp">
      <Filter>Source Files</Filter>
    </ClCompile>
    <ClCompile Include="Window.cpp">
      <Filter>Source Files</Filter>
    </ClCompile>
    <ClCompile Include="WindowImpl.cpp">
      <Filter>Source Files</Filter>
    </ClCompile>
    <ClCompile Include="Win32\InputImpl.cpp">
      <Filter>Source Files\Win32</Filter>
    </ClCompile>
    <ClCompile Include="Win32\JoystickImpl.cpp">
      <Filter>Source Files\Win32</Filter>
    </ClCompile>
    <ClCompile Include="Win32\SensorImpl.cpp">
      <Filter>Source Files\Win32</Filter>
    </ClCompile>
    <ClCompile Include="Win32\VideoModeImpl.cpp">
      <Filter>Source Files\Win32</Filter>
    </ClCompile>
    <ClCompile Include="Win32\WglContext.cpp">
      <Filter>Source Files\Win32</Filter>
    </ClCompile>
    <ClCompile Include="Win32\WindowImplWin32.cpp">
      <Filter>Source Files\Win32</Filter>
    </ClCompile>
  </ItemGroup>
  <ItemGroup>
    <ClInclude Include="GlContext.hpp">
      <Filter>Header Files</Filter>
    </ClInclude>
    <ClInclude Include="InputImpl.hpp">
      <Filter>Header Files</Filter>
    </ClInclude>
    <ClInclude Include="JoystickImpl.hpp">
      <Filter>Header Files</Filter>
    </ClInclude>
    <ClInclude Include="JoystickManager.hpp">
      <Filter>Header Files</Filter>
    </ClInclude>
    <ClInclude Include="SensorImpl.hpp">
      <Filter>Header Files</Filter>
    </ClInclude>
    <ClInclude Include="SensorManager.hpp">
      <Filter>Header Files</Filter>
    </ClInclude>
    <ClInclude Include="VideoModeImpl.hpp">
      <Filter>Header Files</Filter>
    </ClInclude>
    <ClInclude Include="WindowImpl.hpp">
      <Filter>Header Files</Filter>
    </ClInclude>
    <ClInclude Include="glext\glext.h">
      <Filter>Header Files\glext</Filter>
    </ClInclude>
    <ClInclude Include="glext\wglext.h">
      <Filter>Header Files\glext</Filter>
    </ClInclude>
    <ClInclude Include="Win32\InputImpl.hpp">
      <Filter>Header Files\Win32</Filter>
    </ClInclude>
    <ClInclude Include="Win32\JoystickImpl.hpp">
      <Filter>Header Files\Win32</Filter>
    </ClInclude>
    <ClInclude Include="Win32\SensorImpl.hpp">
      <Filter>Header Files\Win32</Filter>
    </ClInclude>
    <ClInclude Include="Win32\WglContext.hpp">
      <Filter>Header Files\Win32</Filter>
    </ClInclude>
    <ClInclude Include="Win32\WindowImplWin32.hpp">
      <Filter>Header Files\Win32</Filter>
    </ClInclude>
  </ItemGroup>
</Project>